// !$*UTF8*$!
{
	archiveVersion = 1;
	classes = {
	};
	objectVersion = 50;
	objects = {

/* Begin PBXBuildFile section */
		8002C84CF96BABC6A7DB9D8A /* Pods_AuthGram.framework in Frameworks */ = {isa = PBXBuildFile; fileRef = BF0651303EF654465CBC9C65 /* Pods_AuthGram.framework */; };
		DD1C0D3620C47394006EBFC5 /* ImgurImage.swift in Sources */ = {isa = PBXBuildFile; fileRef = DD1C0D3520C47394006EBFC5 /* ImgurImage.swift */; };
		DD2DAA3920F06723005A5EA2 /* AuthCredentialManager.swift in Sources */ = {isa = PBXBuildFile; fileRef = DD2DAA3820F06723005A5EA2 /* AuthCredentialManager.swift */; };
		DD2DAA3B20F0716C005A5EA2 /* User.swift in Sources */ = {isa = PBXBuildFile; fileRef = DD2DAA3A20F0716C005A5EA2 /* User.swift */; };
		DD4113C820968B9400E6EABA /* AppDelegate.swift in Sources */ = {isa = PBXBuildFile; fileRef = DD4113C720968B9400E6EABA /* AppDelegate.swift */; };
		DD4113CD20968B9400E6EABA /* Main.storyboard in Resources */ = {isa = PBXBuildFile; fileRef = DD4113CB20968B9400E6EABA /* Main.storyboard */; };
		DD4113CF20968B9500E6EABA /* Assets.xcassets in Resources */ = {isa = PBXBuildFile; fileRef = DD4113CE20968B9500E6EABA /* Assets.xcassets */; };
		DD4113D220968B9500E6EABA /* LaunchScreen.storyboard in Resources */ = {isa = PBXBuildFile; fileRef = DD4113D020968B9500E6EABA /* LaunchScreen.storyboard */; };
		DD53E53A20F059DC007B41ED /* Auth0.plist in Resources */ = {isa = PBXBuildFile; fileRef = DD53E53920F059DB007B41ED /* Auth0.plist */; };
		DD7A841020B0BD8F0080147F /* UploadImageViewController.swift in Sources */ = {isa = PBXBuildFile; fileRef = DD7A840F20B0BD8F0080147F /* UploadImageViewController.swift */; };
		DDBF1B4720A12CE200E1F5E4 /* ImageCollectionViewController.swift in Sources */ = {isa = PBXBuildFile; fileRef = DDBF1B4620A12CE200E1F5E4 /* ImageCollectionViewController.swift */; };
		DDBF1B4920A12E4F00E1F5E4 /* ImageCollectionViewCell.swift in Sources */ = {isa = PBXBuildFile; fileRef = DDBF1B4820A12E4F00E1F5E4 /* ImageCollectionViewCell.swift */; };
		DDCD6B2720968C5E00991232 /* ServiceHandler.swift in Sources */ = {isa = PBXBuildFile; fileRef = DDCD6B2620968C5E00991232 /* ServiceHandler.swift */; };
		DDD952B920C7487A002416FC /* Delegates.swift in Sources */ = {isa = PBXBuildFile; fileRef = DDD952B820C7487A002416FC /* Delegates.swift */; };
/* End PBXBuildFile section */

/* Begin PBXFileReference section */
		01D8DE85162968037A63C5FE /* Pods-AuthGram.debug.xcconfig */ = {isa = PBXFileReference; includeInIndex = 1; lastKnownFileType = text.xcconfig; name = "Pods-AuthGram.debug.xcconfig"; path = "Pods/Target Support Files/Pods-AuthGram/Pods-AuthGram.debug.xcconfig"; sourceTree = "<group>"; };
		BF0651303EF654465CBC9C65 /* Pods_AuthGram.framework */ = {isa = PBXFileReference; explicitFileType = wrapper.framework; includeInIndex = 0; path = Pods_AuthGram.framework; sourceTree = BUILT_PRODUCTS_DIR; };
		CEE1F68971CF1A9F6329270F /* Pods-AuthGram.release.xcconfig */ = {isa = PBXFileReference; includeInIndex = 1; lastKnownFileType = text.xcconfig; name = "Pods-AuthGram.release.xcconfig"; path = "Pods/Target Support Files/Pods-AuthGram/Pods-AuthGram.release.xcconfig"; sourceTree = "<group>"; };
		DD1C0D3520C47394006EBFC5 /* ImgurImage.swift */ = {isa = PBXFileReference; lastKnownFileType = sourcecode.swift; path = ImgurImage.swift; sourceTree = "<group>"; };
		DD2DAA3820F06723005A5EA2 /* AuthCredentialManager.swift */ = {isa = PBXFileReference; lastKnownFileType = sourcecode.swift; path = AuthCredentialManager.swift; sourceTree = "<group>"; };
		DD2DAA3A20F0716C005A5EA2 /* User.swift */ = {isa = PBXFileReference; lastKnownFileType = sourcecode.swift; path = User.swift; sourceTree = "<group>"; };
		DD4113C420968B9400E6EABA /* AuthGram.app */ = {isa = PBXFileReference; explicitFileType = wrapper.application; includeInIndex = 0; path = AuthGram.app; sourceTree = BUILT_PRODUCTS_DIR; };
		DD4113C720968B9400E6EABA /* AppDelegate.swift */ = {isa = PBXFileReference; lastKnownFileType = sourcecode.swift; path = AppDelegate.swift; sourceTree = "<group>"; };
		DD4113CC20968B9400E6EABA /* Base */ = {isa = PBXFileReference; lastKnownFileType = file.storyboard; name = Base; path = Base.lproj/Main.storyboard; sourceTree = "<group>"; };
		DD4113CE20968B9500E6EABA /* Assets.xcassets */ = {isa = PBXFileReference; lastKnownFileType = folder.assetcatalog; path = Assets.xcassets; sourceTree = "<group>"; };
		DD4113D120968B9500E6EABA /* Base */ = {isa = PBXFileReference; lastKnownFileType = file.storyboard; name = Base; path = Base.lproj/LaunchScreen.storyboard; sourceTree = "<group>"; };
		DD4113D320968B9500E6EABA /* Info.plist */ = {isa = PBXFileReference; lastKnownFileType = text.plist.xml; path = Info.plist; sourceTree = "<group>"; };
		DD53E53920F059DB007B41ED /* Auth0.plist */ = {isa = PBXFileReference; lastKnownFileType = text.plist; path = Auth0.plist; sourceTree = "<group>"; };
		DD7A840F20B0BD8F0080147F /* UploadImageViewController.swift */ = {isa = PBXFileReference; lastKnownFileType = sourcecode.swift; path = UploadImageViewController.swift; sourceTree = "<group>"; };
		DDBF1B4620A12CE200E1F5E4 /* ImageCollectionViewController.swift */ = {isa = PBXFileReference; lastKnownFileType = sourcecode.swift; path = ImageCollectionViewController.swift; sourceTree = "<group>"; };
		DDBF1B4820A12E4F00E1F5E4 /* ImageCollectionViewCell.swift */ = {isa = PBXFileReference; lastKnownFileType = sourcecode.swift; path = ImageCollectionViewCell.swift; sourceTree = "<group>"; };
		DDCD6B2620968C5E00991232 /* ServiceHandler.swift */ = {isa = PBXFileReference; lastKnownFileType = sourcecode.swift; path = ServiceHandler.swift; sourceTree = "<group>"; };
		DDD952B820C7487A002416FC /* Delegates.swift */ = {isa = PBXFileReference; lastKnownFileType = sourcecode.swift; path = Delegates.swift; sourceTree = "<group>"; };
/* End PBXFileReference section */

/* Begin PBXFrameworksBuildPhase section */
		DD4113C120968B9300E6EABA /* Frameworks */ = {
			isa = PBXFrameworksBuildPhase;
			buildActionMask = 2147483647;
			files = (
				8002C84CF96BABC6A7DB9D8A /* Pods_AuthGram.framework in Frameworks */,
			);
			runOnlyForDeploymentPostprocessing = 0;
		};
/* End PBXFrameworksBuildPhase section */

/* Begin PBXGroup section */
		4AF0A4EDF88095EF428C7411 /* Frameworks */ = {
			isa = PBXGroup;
			children = (
				BF0651303EF654465CBC9C65 /* Pods_AuthGram.framework */,
			);
			name = Frameworks;
			sourceTree = "<group>";
		};
		C19578DE15932CACC885635F /* Pods */ = {
			isa = PBXGroup;
			children = (
				01D8DE85162968037A63C5FE /* Pods-AuthGram.debug.xcconfig */,
				CEE1F68971CF1A9F6329270F /* Pods-AuthGram.release.xcconfig */,
			);
			name = Pods;
			sourceTree = "<group>";
		};
		DD2DAA3720F066FE005A5EA2 /* Auth0 */ = {
			isa = PBXGroup;
			children = (
				DD2DAA3820F06723005A5EA2 /* AuthCredentialManager.swift */,
			);
			path = Auth0;
			sourceTree = "<group>";
		};
		DD4113BB20968B9300E6EABA = {
			isa = PBXGroup;
			children = (
				DD4113C620968B9400E6EABA /* AuthGram */,
				DD4113C520968B9400E6EABA /* Products */,
				C19578DE15932CACC885635F /* Pods */,
				4AF0A4EDF88095EF428C7411 /* Frameworks */,
			);
			sourceTree = "<group>";
		};
		DD4113C520968B9400E6EABA /* Products */ = {
			isa = PBXGroup;
			children = (
				DD4113C420968B9400E6EABA /* AuthGram.app */,
			);
			name = Products;
			sourceTree = "<group>";
		};
		DD4113C620968B9400E6EABA /* AuthGram */ = {
			isa = PBXGroup;
			children = (
				DD4113C720968B9400E6EABA /* AppDelegate.swift */,
				DDD952B820C7487A002416FC /* Delegates.swift */,
				DDBF1B4A20A12FD800E1F5E4 /* Models */,
				DD7A840920B0B5E60080147F /* Main */,
				DD7A840E20B0BD710080147F /* UploadImage */,
				DDCD6B2520968C1400991232 /* Services */,
				DD4113CB20968B9400E6EABA /* Main.storyboard */,
				DD4113CE20968B9500E6EABA /* Assets.xcassets */,
				DD4113D020968B9500E6EABA /* LaunchScreen.storyboard */,
				DD4113D320968B9500E6EABA /* Info.plist */,
				DD53E53920F059DB007B41ED /* Auth0.plist */,
			);
			path = AuthGram;
			sourceTree = "<group>";
		};
		DD7A840920B0B5E60080147F /* Main */ = {
			isa = PBXGroup;
			children = (
				DDBF1B4620A12CE200E1F5E4 /* ImageCollectionViewController.swift */,
				DDBF1B4820A12E4F00E1F5E4 /* ImageCollectionViewCell.swift */,
			);
			path = Main;
			sourceTree = "<group>";
		};
		DD7A840E20B0BD710080147F /* UploadImage */ = {
			isa = PBXGroup;
			children = (
				DD7A840F20B0BD8F0080147F /* UploadImageViewController.swift */,
			);
			path = UploadImage;
			sourceTree = "<group>";
		};
		DDBF1B4A20A12FD800E1F5E4 /* Models */ = {
			isa = PBXGroup;
			children = (
				DD1C0D3520C47394006EBFC5 /* ImgurImage.swift */,
				DD2DAA3A20F0716C005A5EA2 /* User.swift */,
			);
			path = Models;
			sourceTree = "<group>";
		};
		DDCD6B2520968C1400991232 /* Services */ = {
			isa = PBXGroup;
			children = (
				DD2DAA3720F066FE005A5EA2 /* Auth0 */,
				DDCD6B2620968C5E00991232 /* ServiceHandler.swift */,
			);
			path = Services;
			sourceTree = "<group>";
		};
/* End PBXGroup section */

/* Begin PBXNativeTarget section */
		DD4113C320968B9300E6EABA /* AuthGram */ = {
			isa = PBXNativeTarget;
			buildConfigurationList = DD4113D620968B9500E6EABA /* Build configuration list for PBXNativeTarget "AuthGram" */;
			buildPhases = (
				A3B831ABB2419CEBF4AE0603 /* [CP] Check Pods Manifest.lock */,
				DD4113C020968B9300E6EABA /* Sources */,
				DD4113C120968B9300E6EABA /* Frameworks */,
				DD4113C220968B9300E6EABA /* Resources */,
				80C2E7AA1B7964BB4A3BE692 /* [CP] Embed Pods Frameworks */,
				4D88E9DC024399523C14C447 /* [CP] Copy Pods Resources */,
			);
			buildRules = (
			);
			dependencies = (
			);
			name = AuthGram;
			productName = AuthGram;
			productReference = DD4113C420968B9400E6EABA /* AuthGram.app */;
			productType = "com.apple.product-type.application";
		};
/* End PBXNativeTarget section */

/* Begin PBXProject section */
		DD4113BC20968B9300E6EABA /* Project object */ = {
			isa = PBXProject;
			attributes = {
				LastSwiftUpdateCheck = 0930;
				LastUpgradeCheck = 0930;
				ORGANIZATIONNAME = "Alec Dilanchian";
				TargetAttributes = {
					DD4113C320968B9300E6EABA = {
						CreatedOnToolsVersion = 9.3;
					};
				};
			};
			buildConfigurationList = DD4113BF20968B9300E6EABA /* Build configuration list for PBXProject "AuthGram" */;
			compatibilityVersion = "Xcode 9.3";
			developmentRegion = en;
			hasScannedForEncodings = 0;
			knownRegions = (
				en,
				Base,
			);
			mainGroup = DD4113BB20968B9300E6EABA;
			productRefGroup = DD4113C520968B9400E6EABA /* Products */;
			projectDirPath = "";
			projectRoot = "";
			targets = (
				DD4113C320968B9300E6EABA /* AuthGram */,
			);
		};
/* End PBXProject section */

/* Begin PBXResourcesBuildPhase section */
		DD4113C220968B9300E6EABA /* Resources */ = {
			isa = PBXResourcesBuildPhase;
			buildActionMask = 2147483647;
			files = (
				DD4113D220968B9500E6EABA /* LaunchScreen.storyboard in Resources */,
				DD4113CF20968B9500E6EABA /* Assets.xcassets in Resources */,
				DD4113CD20968B9400E6EABA /* Main.storyboard in Resources */,
				DD53E53A20F059DC007B41ED /* Auth0.plist in Resources */,
			);
			runOnlyForDeploymentPostprocessing = 0;
		};
/* End PBXResourcesBuildPhase section */

/* Begin PBXShellScriptBuildPhase section */
		4D88E9DC024399523C14C447 /* [CP] Copy Pods Resources */ = {
			isa = PBXShellScriptBuildPhase;
			buildActionMask = 2147483647;
			files = (
			);
			inputPaths = (
			);
			name = "[CP] Copy Pods Resources";
			outputPaths = (
			);
			runOnlyForDeploymentPostprocessing = 0;
			shellPath = /bin/sh;
			shellScript = "\"${SRCROOT}/Pods/Target Support Files/Pods-AuthGram/Pods-AuthGram-resources.sh\"\n";
			showEnvVarsInLog = 0;
		};
		80C2E7AA1B7964BB4A3BE692 /* [CP] Embed Pods Frameworks */ = {
			isa = PBXShellScriptBuildPhase;
			buildActionMask = 2147483647;
			files = (
			);
			inputPaths = (
				"${SRCROOT}/Pods/Target Support Files/Pods-AuthGram/Pods-AuthGram-frameworks.sh",
				"${BUILT_PRODUCTS_DIR}/Auth0/Auth0.framework",
				"${BUILT_PRODUCTS_DIR}/SimpleKeychain/SimpleKeychain.framework",
			);
			name = "[CP] Embed Pods Frameworks";
			outputPaths = (
				"${TARGET_BUILD_DIR}/${FRAMEWORKS_FOLDER_PATH}/Auth0.framework",
				"${TARGET_BUILD_DIR}/${FRAMEWORKS_FOLDER_PATH}/SimpleKeychain.framework",
			);
			runOnlyForDeploymentPostprocessing = 0;
			shellPath = /bin/sh;
			shellScript = "\"${SRCROOT}/Pods/Target Support Files/Pods-AuthGram/Pods-AuthGram-frameworks.sh\"\n";
			showEnvVarsInLog = 0;
		};
		A3B831ABB2419CEBF4AE0603 /* [CP] Check Pods Manifest.lock */ = {
			isa = PBXShellScriptBuildPhase;
			buildActionMask = 2147483647;
			files = (
			);
			inputPaths = (
				"${PODS_PODFILE_DIR_PATH}/Podfile.lock",
				"${PODS_ROOT}/Manifest.lock",
			);
			name = "[CP] Check Pods Manifest.lock";
			outputPaths = (
				"$(DERIVED_FILE_DIR)/Pods-AuthGram-checkManifestLockResult.txt",
			);
			runOnlyForDeploymentPostprocessing = 0;
			shellPath = /bin/sh;
			shellScript = "diff \"${PODS_PODFILE_DIR_PATH}/Podfile.lock\" \"${PODS_ROOT}/Manifest.lock\" > /dev/null\nif [ $? != 0 ] ; then\n    # print error to STDERR\n    echo \"error: The sandbox is not in sync with the Podfile.lock. Run 'pod install' or update your CocoaPods installation.\" >&2\n    exit 1\nfi\n# This output is used by Xcode 'outputs' to avoid re-running this script phase.\necho \"SUCCESS\" > \"${SCRIPT_OUTPUT_FILE_0}\"\n";
			showEnvVarsInLog = 0;
		};
/* End PBXShellScriptBuildPhase section */

/* Begin PBXSourcesBuildPhase section */
		DD4113C020968B9300E6EABA /* Sources */ = {
			isa = PBXSourcesBuildPhase;
			buildActionMask = 2147483647;
			files = (
				DD2DAA3920F06723005A5EA2 /* AuthCredentialManager.swift in Sources */,
				DD7A841020B0BD8F0080147F /* UploadImageViewController.swift in Sources */,
				DDBF1B4720A12CE200E1F5E4 /* ImageCollectionViewController.swift in Sources */,
				DD1C0D3620C47394006EBFC5 /* ImgurImage.swift in Sources */,
				DDCD6B2720968C5E00991232 /* ServiceHandler.swift in Sources */,
				DD2DAA3B20F0716C005A5EA2 /* User.swift in Sources */,
				DDBF1B4920A12E4F00E1F5E4 /* ImageCollectionViewCell.swift in Sources */,
				DDD952B920C7487A002416FC /* Delegates.swift in Sources */,
				DD4113C820968B9400E6EABA /* AppDelegate.swift in Sources */,
			);
			runOnlyForDeploymentPostprocessing = 0;
		};
/* End PBXSourcesBuildPhase section */

/* Begin PBXVariantGroup section */
		DD4113CB20968B9400E6EABA /* Main.storyboard */ = {
			isa = PBXVariantGroup;
			children = (
				DD4113CC20968B9400E6EABA /* Base */,
			);
			name = Main.storyboard;
			sourceTree = "<group>";
		};
		DD4113D020968B9500E6EABA /* LaunchScreen.storyboard */ = {
			isa = PBXVariantGroup;
			children = (
				DD4113D120968B9500E6EABA /* Base */,
			);
			name = LaunchScreen.storyboard;
			sourceTree = "<group>";
		};
/* End PBXVariantGroup section */

/* Begin XCBuildConfiguration section */
		DD4113D420968B9500E6EABA /* Debug */ = {
			isa = XCBuildConfiguration;
			buildSettings = {
				ALWAYS_SEARCH_USER_PATHS = NO;
				CLANG_ANALYZER_NONNULL = YES;
				CLANG_ANALYZER_NUMBER_OBJECT_CONVERSION = YES_AGGRESSIVE;
				CLANG_CXX_LANGUAGE_STANDARD = "gnu++14";
				CLANG_CXX_LIBRARY = "libc++";
				CLANG_ENABLE_MODULES = YES;
				CLANG_ENABLE_OBJC_ARC = YES;
				CLANG_ENABLE_OBJC_WEAK = YES;
				CLANG_WARN_BLOCK_CAPTURE_AUTORELEASING = YES;
				CLANG_WARN_BOOL_CONVERSION = YES;
				CLANG_WARN_COMMA = YES;
				CLANG_WARN_CONSTANT_CONVERSION = YES;
				CLANG_WARN_DEPRECATED_OBJC_IMPLEMENTATIONS = YES;
				CLANG_WARN_DIRECT_OBJC_ISA_USAGE = YES_ERROR;
				CLANG_WARN_DOCUMENTATION_COMMENTS = YES;
				CLANG_WARN_EMPTY_BODY = YES;
				CLANG_WARN_ENUM_CONVERSION = YES;
				CLANG_WARN_INFINITE_RECURSION = YES;
				CLANG_WARN_INT_CONVERSION = YES;
				CLANG_WARN_NON_LITERAL_NULL_CONVERSION = YES;
				CLANG_WARN_OBJC_IMPLICIT_RETAIN_SELF = YES;
				CLANG_WARN_OBJC_LITERAL_CONVERSION = YES;
				CLANG_WARN_OBJC_ROOT_CLASS = YES_ERROR;
				CLANG_WARN_RANGE_LOOP_ANALYSIS = YES;
				CLANG_WARN_STRICT_PROTOTYPES = YES;
				CLANG_WARN_SUSPICIOUS_MOVE = YES;
				CLANG_WARN_UNGUARDED_AVAILABILITY = YES_AGGRESSIVE;
				CLANG_WARN_UNREACHABLE_CODE = YES;
				CLANG_WARN__DUPLICATE_METHOD_MATCH = YES;
				CODE_SIGN_IDENTITY = "iPhone Developer";
				COPY_PHASE_STRIP = NO;
				DEBUG_INFORMATION_FORMAT = dwarf;
				ENABLE_STRICT_OBJC_MSGSEND = YES;
				ENABLE_TESTABILITY = YES;
				GCC_C_LANGUAGE_STANDARD = gnu11;
				GCC_DYNAMIC_NO_PIC = NO;
				GCC_NO_COMMON_BLOCKS = YES;
				GCC_OPTIMIZATION_LEVEL = 0;
				GCC_PREPROCESSOR_DEFINITIONS = (
					"DEBUG=1",
					"$(inherited)",
				);
				GCC_WARN_64_TO_32_BIT_CONVERSION = YES;
				GCC_WARN_ABOUT_RETURN_TYPE = YES_ERROR;
				GCC_WARN_UNDECLARED_SELECTOR = YES;
				GCC_WARN_UNINITIALIZED_AUTOS = YES_AGGRESSIVE;
				GCC_WARN_UNUSED_FUNCTION = YES;
				GCC_WARN_UNUSED_VARIABLE = YES;
				IPHONEOS_DEPLOYMENT_TARGET = 11.3;
				MTL_ENABLE_DEBUG_INFO = YES;
				ONLY_ACTIVE_ARCH = YES;
				SDKROOT = iphoneos;
				SWIFT_ACTIVE_COMPILATION_CONDITIONS = DEBUG;
				SWIFT_OPTIMIZATION_LEVEL = "-Onone";
			};
			name = Debug;
		};
		DD4113D520968B9500E6EABA /* Release */ = {
			isa = XCBuildConfiguration;
			buildSettings = {
				ALWAYS_SEARCH_USER_PATHS = NO;
				CLANG_ANALYZER_NONNULL = YES;
				CLANG_ANALYZER_NUMBER_OBJECT_CONVERSION = YES_AGGRESSIVE;
				CLANG_CXX_LANGUAGE_STANDARD = "gnu++14";
				CLANG_CXX_LIBRARY = "libc++";
				CLANG_ENABLE_MODULES = YES;
				CLANG_ENABLE_OBJC_ARC = YES;
				CLANG_ENABLE_OBJC_WEAK = YES;
				CLANG_WARN_BLOCK_CAPTURE_AUTORELEASING = YES;
				CLANG_WARN_BOOL_CONVERSION = YES;
				CLANG_WARN_COMMA = YES;
				CLANG_WARN_CONSTANT_CONVERSION = YES;
				CLANG_WARN_DEPRECATED_OBJC_IMPLEMENTATIONS = YES;
				CLANG_WARN_DIRECT_OBJC_ISA_USAGE = YES_ERROR;
				CLANG_WARN_DOCUMENTATION_COMMENTS = YES;
				CLANG_WARN_EMPTY_BODY = YES;
				CLANG_WARN_ENUM_CONVERSION = YES;
				CLANG_WARN_INFINITE_RECURSION = YES;
				CLANG_WARN_INT_CONVERSION = YES;
				CLANG_WARN_NON_LITERAL_NULL_CONVERSION = YES;
				CLANG_WARN_OBJC_IMPLICIT_RETAIN_SELF = YES;
				CLANG_WARN_OBJC_LITERAL_CONVERSION = YES;
				CLANG_WARN_OBJC_ROOT_CLASS = YES_ERROR;
				CLANG_WARN_RANGE_LOOP_ANALYSIS = YES;
				CLANG_WARN_STRICT_PROTOTYPES = YES;
				CLANG_WARN_SUSPICIOUS_MOVE = YES;
				CLANG_WARN_UNGUARDED_AVAILABILITY = YES_AGGRESSIVE;
				CLANG_WARN_UNREACHABLE_CODE = YES;
				CLANG_WARN__DUPLICATE_METHOD_MATCH = YES;
				CODE_SIGN_IDENTITY = "iPhone Developer";
				COPY_PHASE_STRIP = NO;
				DEBUG_INFORMATION_FORMAT = "dwarf-with-dsym";
				ENABLE_NS_ASSERTIONS = NO;
				ENABLE_STRICT_OBJC_MSGSEND = YES;
				GCC_C_LANGUAGE_STANDARD = gnu11;
				GCC_NO_COMMON_BLOCKS = YES;
				GCC_WARN_64_TO_32_BIT_CONVERSION = YES;
				GCC_WARN_ABOUT_RETURN_TYPE = YES_ERROR;
				GCC_WARN_UNDECLARED_SELECTOR = YES;
				GCC_WARN_UNINITIALIZED_AUTOS = YES_AGGRESSIVE;
				GCC_WARN_UNUSED_FUNCTION = YES;
				GCC_WARN_UNUSED_VARIABLE = YES;
				IPHONEOS_DEPLOYMENT_TARGET = 11.3;
				MTL_ENABLE_DEBUG_INFO = NO;
				SDKROOT = iphoneos;
				SWIFT_COMPILATION_MODE = wholemodule;
				SWIFT_OPTIMIZATION_LEVEL = "-O";
				VALIDATE_PRODUCT = YES;
			};
			name = Release;
		};
		DD4113D720968B9500E6EABA /* Debug */ = {
			isa = XCBuildConfiguration;
			baseConfigurationReference = 01D8DE85162968037A63C5FE /* Pods-AuthGram.debug.xcconfig */;
			buildSettings = {
				ASSETCATALOG_COMPILER_APPICON_NAME = AppIcon;
				CODE_SIGN_STYLE = Automatic;
				DEVELOPMENT_TEAM = 3XYA9C7RBA;
				INFOPLIST_FILE = AuthGram/Info.plist;
				LD_RUNPATH_SEARCH_PATHS = (
					"$(inherited)",
					"@executable_path/Frameworks",
				);
				PRODUCT_BUNDLE_IDENTIFIER = adilanchian.AuthGram;
				PRODUCT_NAME = "$(TARGET_NAME)";
				SWIFT_VERSION = 4.0;
				TARGETED_DEVICE_FAMILY = "1,2";
			};
			name = Debug;
		};
		DD4113D820968B9500E6EABA /* Release */ = {
			isa = XCBuildConfiguration;
			baseConfigurationReference = CEE1F68971CF1A9F6329270F /* Pods-AuthGram.release.xcconfig */;
			buildSettings = {
				ASSETCATALOG_COMPILER_APPICON_NAME = AppIcon;
				CODE_SIGN_STYLE = Automatic;
				DEVELOPMENT_TEAM = 3XYA9C7RBA;
				INFOPLIST_FILE = AuthGram/Info.plist;
				LD_RUNPATH_SEARCH_PATHS = (
					"$(inherited)",
					"@executable_path/Frameworks",
				);
				PRODUCT_BUNDLE_IDENTIFIER = adilanchian.AuthGram;
				PRODUCT_NAME = "$(TARGET_NAME)";
				SWIFT_VERSION = 4.0;
				TARGETED_DEVICE_FAMILY = "1,2";
			};
			name = Release;
		};
/* End XCBuildConfiguration section */

/* Begin XCConfigurationList section */
		DD4113BF20968B9300E6EABA /* Build configuration list for PBXProject "AuthGram" */ = {
			isa = XCConfigurationList;
			buildConfigurations = (
				DD4113D420968B9500E6EABA /* Debug */,
				DD4113D520968B9500E6EABA /* Release */,
			);
			defaultConfigurationIsVisible = 0;
			defaultConfigurationName = Release;
		};
		DD4113D620968B9500E6EABA /* Build configuration list for PBXNativeTarget "AuthGram" */ = {
			isa = XCConfigurationList;
			buildConfigurations = (
				DD4113D720968B9500E6EABA /* Debug */,
				DD4113D820968B9500E6EABA /* Release */,
			);
			defaultConfigurationIsVisible = 0;
			defaultConfigurationName = Release;
		};
/* End XCConfigurationList section */
	};
	rootObject = DD4113BC20968B9300E6EABA /* Project object */;
}
